{
  "name": "jssip_client",
  "version": "0.1.3",
  "lockfileVersion": 1,
  "requires": true,
  "dependencies": {
    "debug": {
      "version": "4.1.1",
      "resolved": "https://registry.npmjs.org/debug/-/debug-4.1.1.tgz",
      "integrity": "sha512-pYAIzeRo8J6KPEaJ0VWOh5Pzkbw/RetuzehGM7QRRX5he4fPHx2rdKMB256ehJCkX+XRQm16eZLqLNS8RSZXZw==",
      "requires": {
        "ms": "^2.1.1"
      }
    },
    "events": {
      "version": "3.0.0",
      "resolved": "https://registry.npmjs.org/events/-/events-3.0.0.tgz",
      "integrity": "sha512-Dc381HFWJzEOhQ+d8pkNon++bk9h6cdAoAj4iE6Q4y6xgTzySWXlKn05/TVNpjnfRqi/X0EpJEJohPjNI3zpVA=="
    },
    "jssip": {
      "version": "3.3.6",
      "resolved": "https://registry.npmjs.org/jssip/-/jssip-3.3.6.tgz",
      "integrity": "sha512-kyLxEQ7GBVlEi1PIWToAob7mH8WPtdUE51382vtjYC4ZUEa6qCXB4i9EwysX2bvpJUPbieZ1UPY8C6tLXQeBbA==",
      "requires": {
        "debug": "^4.1.1",
        "events": "^3.0.0",
        "sdp-transform": "^2.7.0"
      }
    },
    "ms": {
      "version": "2.1.2",
      "resolved": "https://registry.npmjs.org/ms/-/ms-2.1.2.tgz",
      "integrity": "sha512-sGkPx+VjMtmA6MX27oA4FBFELFCZZ4S4XqeGOXCv68tT+jb3vk/RyaKWP0PTKyWtmLSM0b+adUTEvbs1PEaH2w=="
    },
    "rtcpeerconnection-shim": {
      "version": "1.2.15",
      "resolved": "https://registry.npmjs.org/rtcpeerconnection-shim/-/rtcpeerconnection-shim-1.2.15.tgz",
      "integrity": "sha512-C6DxhXt7bssQ1nHb154lqeL0SXz5Dx4RczXZu2Aa/L1NJFnEVDxFwCBo3fqtuljhHIGceg5JKBV4XJ0gW5JKyw==",
      "requires": {
        "sdp": "^2.6.0"
      }
    },
    "sdp": {
      "version": "2.9.0",
      "resolved": "https://registry.npmjs.org/sdp/-/sdp-2.9.0.tgz",
      "integrity": "sha512-XAVZQO4qsfzVTHorF49zCpkdxiGmPNjA8ps8RcJGtGP3QJ/A8I9/SVg/QnkAFDMXIyGbHZBBFwYBw6WdnhT96w=="
    },
    "sdp-transform": {
      "version": "2.11.0",
      "resolved": "https://registry.npmjs.org/sdp-transform/-/sdp-transform-2.11.0.tgz",
      "integrity": "sha512-8sAs/UQ0kXBhKCQQYIK/d7A9DNz+9KPEEpVG10yMlM+s6GMwje41WwW4J3ECF1e1ydMW6QvDpiiFoKpOy7s0WQ=="
    },
    "webrtc-adapter": {
      "version": "7.2.9",
      "resolved": "https://registry.npmjs.org/webrtc-adapter/-/webrtc-adapter-7.2.9.tgz",
      "integrity": "sha512-98rcdbSqUBR+L+erotCFWgiPyYjCEq6NJYN/1Bl6cRl2CxSU3wanJlc4YdfWzaTGaK13ZVmHay2mlW4aOWXh0A==",
      "requires": {
        "rtcpeerconnection-shim": "^1.2.15",
        "sdp": "^2.9.0"
      }
    }
  }
}
